
Microsoft Visual Studio Solution File, Format Version 12.00
# Visual Studio 15
VisualStudioVersion = 15.0.27428.2015
MinimumVisualStudioVersion = 10.0.40219.1
Project("{FAE04EC0-301F-11D3-BF4B-00C04F79EFBC}") = "CS_HW5_Translator", "CS_HW5_Translator\CS_HW5_Translator.csproj", "{48B75455-5FBD-4B9C-8B59-C2858A627046}"
EndProject
Project("{2150E333-8FDC-42A3-9474-1A3956D46DE8}") = "Solution Items", "Solution Items", "{65063551-AF1B-4D77-90FA-F46BA729AB3E}"
EndProject
Global
	GlobalSection(SolutionConfigurationPlatforms) = preSolution
		Debug|Any CPU = Debug|Any CPU
		Release|Any CPU = Release|Any CPU
	EndGlobalSection
	GlobalSection(ProjectConfigurationPlatforms) = postSolution
		{48B75455-5FBD-4B9C-8B59-C2858A627046}.Debug|Any CPU.ActiveCfg = Debug|Any CPU
		{48B75455-5FBD-4B9C-8B59-C2858A627046}.Debug|Any CPU.Build.0 = Debug|Any CPU
		{48B75455-5FBD-4B9C-8B59-C2858A627046}.Release|Any CPU.ActiveCfg = Release|Any CPU
		{48B75455-5FBD-4B9C-8B59-C2858A627046}.Release|Any CPU.Build.0 = Release|Any CPU
	EndGlobalSection
	GlobalSection(SolutionProperties) = preSolution
		HideSolutionNode = FALSE
	EndGlobalSection
	GlobalSection(ExtensibilityGlobals) = postSolution
		SolutionGuid = {EC32F860-7AA4-4E2B-9F17-48CCDCC75FF7}
	EndGlobalSection
EndGlobal
